# This file is automatically @generated by Cargo.
# It is not intended for manual editing.
version = 3

[[package]]
name = "ekero"
version = "0.1.0"
dependencies = [
 "httparse",
 "log",
]

[[package]]
name = "httparse"
version = "1.10.0"
source = "registry+https://github.com/rust-lang/crates.io-index"
checksum = "f2d708df4e7140240a16cd6ab0ab65c972d7433ab77819ea693fde9c43811e2a"

[[package]]
name = "log"
version = "0.4.25"
source = "registry+https://github.com/rust-lang/crates.io-index"
checksum = "04cbf5b083de1c7e0222a7a51dbfdba1cbe1c6ab0b15e29fff3f6c077fd9cd9f"
